
Microsoft Visual Studio Solution File, Format Version 12.00
# Visual Studio Version 17
VisualStudioVersion = 17.14.37111.16
MinimumVisualStudioVersion = 10.0.40219.1
Project("{FAE04EC0-301F-11D3-BF4B-00C04F79EFBC}") = "ATU.Shared", "ATU.Shared\ATU.Shared.csproj", "{AA3C0626-9903-44DE-A67C-93ECF5126A8D}"
EndProject
Project("{FAE04EC0-301F-11D3-BF4B-00C04F79EFBC}") = "ATU.AuthService", "ATU.AuthService\ATU.AuthService.csproj", "{3558832F-702B-41C9-B72C-E1F39FB48F70}"
EndProject
Project("{FAE04EC0-301F-11D3-BF4B-00C04F79EFBC}") = "ATU.AuditService", "ATU.AuditService\ATU.AuditService.csproj", "{895819DD-2C77-4BD1-AC07-C90637EB0CDC}"
EndProject
Project("{FAE04EC0-301F-11D3-BF4B-00C04F79EFBC}") = "ATU.Tests", "ATU.Tests\ATU.Tests.csproj", "{F293A9C6-4301-417E-8127-9913C290E42A}"
EndProject
Project("{FAE04EC0-301F-11D3-BF4B-00C04F79EFBC}") = "ATU.PWA", "ATU.PWA\ATU.PWA.csproj", "{0E01322A-1730-4F4D-B078-16AF808159CF}"
EndProject
Project("{FAE04EC0-301F-11D3-BF4B-00C04F79EFBC}") = "ATU.CamaraFria", "ATU.CamaraFria\ATU.CamaraFria.csproj", "{A595A8D7-9861-431E-82EE-866ED3325AF5}"
EndProject
Global
	GlobalSection(SolutionConfigurationPlatforms) = preSolution
		Debug|Any CPU = Debug|Any CPU
		Release|Any CPU = Release|Any CPU
	EndGlobalSection
	GlobalSection(ProjectConfigurationPlatforms) = postSolution
		{AA3C0626-9903-44DE-A67C-93ECF5126A8D}.Debug|Any CPU.ActiveCfg = Debug|Any CPU
		{AA3C0626-9903-44DE-A67C-93ECF5126A8D}.Release|Any CPU.ActiveCfg = Release|Any CPU
		{3558832F-702B-41C9-B72C-E1F39FB48F70}.Debug|Any CPU.ActiveCfg = Debug|Any CPU
		{3558832F-702B-41C9-B72C-E1F39FB48F70}.Release|Any CPU.ActiveCfg = Release|Any CPU
		{895819DD-2C77-4BD1-AC07-C90637EB0CDC}.Debug|Any CPU.ActiveCfg = Debug|Any CPU
		{895819DD-2C77-4BD1-AC07-C90637EB0CDC}.Release|Any CPU.ActiveCfg = Release|Any CPU
		{F293A9C6-4301-417E-8127-9913C290E42A}.Debug|Any CPU.ActiveCfg = Debug|Any CPU
		{F293A9C6-4301-417E-8127-9913C290E42A}.Release|Any CPU.ActiveCfg = Release|Any CPU
		{0E01322A-1730-4F4D-B078-16AF808159CF}.Debug|Any CPU.ActiveCfg = Debug|Any CPU
		{0E01322A-1730-4F4D-B078-16AF808159CF}.Release|Any CPU.ActiveCfg = Release|Any CPU
		{A595A8D7-9861-431E-82EE-866ED3325AF5}.Debug|Any CPU.ActiveCfg = Debug|Any CPU
		{A595A8D7-9861-431E-82EE-866ED3325AF5}.Debug|Any CPU.Build.0 = Debug|Any CPU
		{A595A8D7-9861-431E-82EE-866ED3325AF5}.Release|Any CPU.ActiveCfg = Release|Any CPU
	EndGlobalSection
	GlobalSection(SolutionProperties) = preSolution
		HideSolutionNode = FALSE
	EndGlobalSection
	GlobalSection(ExtensibilityGlobals) = postSolution
		SolutionGuid = {D031910D-76D9-4837-96F5-E187D45EC9EE}
	EndGlobalSection
EndGlobal
